// !$*UTF8*$!
{
	archiveVersion = 1;
	classes = {
	};
	objectVersion = 50;
	objects = {

/* Begin PBXBuildFile section */
		0445E0D1252D08C0747321B6 /* Pods_Flix_FlixUITests.framework in Frameworks */ = {isa = PBXBuildFile; fileRef = 03697C528A6DD841AF780CB2 /* Pods_Flix_FlixUITests.framework */; };
		26DAB266EE1103C97A6D03E7 /* Pods_FlixTests.framework in Frameworks */ = {isa = PBXBuildFile; fileRef = 3ED88533B3F74EB929B4E665 /* Pods_FlixTests.framework */; };
		296F0F44F4AE09497EE066EB /* Pods_Flix.framework in Frameworks */ = {isa = PBXBuildFile; fileRef = A448C472A37DF0D592631A59 /* Pods_Flix.framework */; };
		DA025A9223DCEAFD006C254A /* MoviesViewController.swift in Sources */ = {isa = PBXBuildFile; fileRef = DA025A9123DCEAFD006C254A /* MoviesViewController.swift */; };
		DA28485C23D913D8005DB1F8 /* AppDelegate.swift in Sources */ = {isa = PBXBuildFile; fileRef = DA28485B23D913D8005DB1F8 /* AppDelegate.swift */; };
		DA28485E23D913D8005DB1F8 /* SceneDelegate.swift in Sources */ = {isa = PBXBuildFile; fileRef = DA28485D23D913D8005DB1F8 /* SceneDelegate.swift */; };
		DA28486323D913D8005DB1F8 /* Main.storyboard in Resources */ = {isa = PBXBuildFile; fileRef = DA28486123D913D8005DB1F8 /* Main.storyboard */; };
		DA28486523D913D9005DB1F8 /* Assets.xcassets in Resources */ = {isa = PBXBuildFile; fileRef = DA28486423D913D9005DB1F8 /* Assets.xcassets */; };
		DA28486823D913D9005DB1F8 /* LaunchScreen.storyboard in Resources */ = {isa = PBXBuildFile; fileRef = DA28486623D913D9005DB1F8 /* LaunchScreen.storyboard */; };
		DA28487323D913D9005DB1F8 /* FlixTests.swift in Sources */ = {isa = PBXBuildFile; fileRef = DA28487223D913D9005DB1F8 /* FlixTests.swift */; };
		DA28487E23D913D9005DB1F8 /* FlixUITests.swift in Sources */ = {isa = PBXBuildFile; fileRef = DA28487D23D913D9005DB1F8 /* FlixUITests.swift */; };
		DA7EF38F23DD0FC000A58A1B /* MovieCell.swift in Sources */ = {isa = PBXBuildFile; fileRef = DA7EF38E23DD0FC000A58A1B /* MovieCell.swift */; };
/* End PBXBuildFile section */

/* Begin PBXContainerItemProxy section */
		DA28486F23D913D9005DB1F8 /* PBXContainerItemProxy */ = {
			isa = PBXContainerItemProxy;
			containerPortal = DA28485023D913D8005DB1F8 /* Project object */;
			proxyType = 1;
			remoteGlobalIDString = DA28485723D913D8005DB1F8;
			remoteInfo = Flix;
		};
		DA28487A23D913D9005DB1F8 /* PBXContainerItemProxy */ = {
			isa = PBXContainerItemProxy;
			containerPortal = DA28485023D913D8005DB1F8 /* Project object */;
			proxyType = 1;
			remoteGlobalIDString = DA28485723D913D8005DB1F8;
			remoteInfo = Flix;
		};
/* End PBXContainerItemProxy section */

/* Begin PBXFileReference section */
		01AEA191F3C8019F9D27DDAA /* Pods-Flix-FlixUITests.release.xcconfig */ = {isa = PBXFileReference; includeInIndex = 1; lastKnownFileType = text.xcconfig; name = "Pods-Flix-FlixUITests.release.xcconfig"; path = "Target Support Files/Pods-Flix-FlixUITests/Pods-Flix-FlixUITests.release.xcconfig"; sourceTree = "<group>"; };
		03697C528A6DD841AF780CB2 /* Pods_Flix_FlixUITests.framework */ = {isa = PBXFileReference; explicitFileType = wrapper.framework; includeInIndex = 0; path = Pods_Flix_FlixUITests.framework; sourceTree = BUILT_PRODUCTS_DIR; };
		3ED88533B3F74EB929B4E665 /* Pods_FlixTests.framework */ = {isa = PBXFileReference; explicitFileType = wrapper.framework; includeInIndex = 0; path = Pods_FlixTests.framework; sourceTree = BUILT_PRODUCTS_DIR; };
		4503A38E65FAB8D14B2130A6 /* Pods-Flix.release.xcconfig */ = {isa = PBXFileReference; includeInIndex = 1; lastKnownFileType = text.xcconfig; name = "Pods-Flix.release.xcconfig"; path = "Target Support Files/Pods-Flix/Pods-Flix.release.xcconfig"; sourceTree = "<group>"; };
		468F6261D74D516D0819FF6B /* Pods-FlixTests.release.xcconfig */ = {isa = PBXFileReference; includeInIndex = 1; lastKnownFileType = text.xcconfig; name = "Pods-FlixTests.release.xcconfig"; path = "Target Support Files/Pods-FlixTests/Pods-FlixTests.release.xcconfig"; sourceTree = "<group>"; };
		5A1FF36B5B2DDF5C8FEB4B31 /* Pods-FlixTests.debug.xcconfig */ = {isa = PBXFileReference; includeInIndex = 1; lastKnownFileType = text.xcconfig; name = "Pods-FlixTests.debug.xcconfig"; path = "Target Support Files/Pods-FlixTests/Pods-FlixTests.debug.xcconfig"; sourceTree = "<group>"; };
		A448C472A37DF0D592631A59 /* Pods_Flix.framework */ = {isa = PBXFileReference; explicitFileType = wrapper.framework; includeInIndex = 0; path = Pods_Flix.framework; sourceTree = BUILT_PRODUCTS_DIR; };
		DA025A9123DCEAFD006C254A /* MoviesViewController.swift */ = {isa = PBXFileReference; lastKnownFileType = sourcecode.swift; path = MoviesViewController.swift; sourceTree = "<group>"; };
		DA28485823D913D8005DB1F8 /* Flix.app */ = {isa = PBXFileReference; explicitFileType = wrapper.application; includeInIndex = 0; path = Flix.app; sourceTree = BUILT_PRODUCTS_DIR; };
		DA28485B23D913D8005DB1F8 /* AppDelegate.swift */ = {isa = PBXFileReference; lastKnownFileType = sourcecode.swift; path = AppDelegate.swift; sourceTree = "<group>"; };
		DA28485D23D913D8005DB1F8 /* SceneDelegate.swift */ = {isa = PBXFileReference; lastKnownFileType = sourcecode.swift; path = SceneDelegate.swift; sourceTree = "<group>"; };
		DA28486223D913D8005DB1F8 /* Base */ = {isa = PBXFileReference; lastKnownFileType = file.storyboard; name = Base; path = Base.lproj/Main.storyboard; sourceTree = "<group>"; };
		DA28486423D913D9005DB1F8 /* Assets.xcassets */ = {isa = PBXFileReference; lastKnownFileType = folder.assetcatalog; path = Assets.xcassets; sourceTree = "<group>"; };
		DA28486723D913D9005DB1F8 /* Base */ = {isa = PBXFileReference; lastKnownFileType = file.storyboard; name = Base; path = Base.lproj/LaunchScreen.storyboard; sourceTree = "<group>"; };
		DA28486923D913D9005DB1F8 /* Info.plist */ = {isa = PBXFileReference; lastKnownFileType = text.plist.xml; path = Info.plist; sourceTree = "<group>"; };
		DA28486E23D913D9005DB1F8 /* FlixTests.xctest */ = {isa = PBXFileReference; explicitFileType = wrapper.cfbundle; includeInIndex = 0; path = FlixTests.xctest; sourceTree = BUILT_PRODUCTS_DIR; };
		DA28487223D913D9005DB1F8 /* FlixTests.swift */ = {isa = PBXFileReference; lastKnownFileType = sourcecode.swift; path = FlixTests.swift; sourceTree = "<group>"; };
		DA28487423D913D9005DB1F8 /* Info.plist */ = {isa = PBXFileReference; lastKnownFileType = text.plist.xml; path = Info.plist; sourceTree = "<group>"; };
		DA28487923D913D9005DB1F8 /* FlixUITests.xctest */ = {isa = PBXFileReference; explicitFileType = wrapper.cfbundle; includeInIndex = 0; path = FlixUITests.xctest; sourceTree = BUILT_PRODUCTS_DIR; };
		DA28487D23D913D9005DB1F8 /* FlixUITests.swift */ = {isa = PBXFileReference; lastKnownFileType = sourcecode.swift; path = FlixUITests.swift; sourceTree = "<group>"; };
		DA28487F23D913D9005DB1F8 /* Info.plist */ = {isa = PBXFileReference; lastKnownFileType = text.plist.xml; path = Info.plist; sourceTree = "<group>"; };
		DA7EF38E23DD0FC000A58A1B /* MovieCell.swift */ = {isa = PBXFileReference; lastKnownFileType = sourcecode.swift; path = MovieCell.swift; sourceTree = "<group>"; };
		E360538FDFC9D04C697282DE /* Pods-Flix-FlixUITests.debug.xcconfig */ = {isa = PBXFileReference; includeInIndex = 1; lastKnownFileType = text.xcconfig; name = "Pods-Flix-FlixUITests.debug.xcconfig"; path = "Target Support Files/Pods-Flix-FlixUITests/Pods-Flix-FlixUITests.debug.xcconfig"; sourceTree = "<group>"; };
		EB58FF45247503342E8026A9 /* Pods-Flix.debug.xcconfig */ = {isa = PBXFileReference; includeInIndex = 1; lastKnownFileType = text.xcconfig; name = "Pods-Flix.debug.xcconfig"; path = "Target Support Files/Pods-Flix/Pods-Flix.debug.xcconfig"; sourceTree = "<group>"; };
/* End PBXFileReference section */

/* Begin PBXFrameworksBuildPhase section */
		DA28485523D913D8005DB1F8 /* Frameworks */ = {
			isa = PBXFrameworksBuildPhase;
			buildActionMask = 2147483647;
			files = (
				296F0F44F4AE09497EE066EB /* Pods_Flix.framework in Frameworks */,
			);
			runOnlyForDeploymentPostprocessing = 0;
		};
		DA28486B23D913D9005DB1F8 /* Frameworks */ = {
			isa = PBXFrameworksBuildPhase;
			buildActionMask = 2147483647;
			files = (
				26DAB266EE1103C97A6D03E7 /* Pods_FlixTests.framework in Frameworks */,
			);
			runOnlyForDeploymentPostprocessing = 0;
		};
		DA28487623D913D9005DB1F8 /* Frameworks */ = {
			isa = PBXFrameworksBuildPhase;
			buildActionMask = 2147483647;
			files = (
				0445E0D1252D08C0747321B6 /* Pods_Flix_FlixUITests.framework in Frameworks */,
			);
			runOnlyForDeploymentPostprocessing = 0;
		};
/* End PBXFrameworksBuildPhase section */

/* Begin PBXGroup section */
		B2DEBECE096FF10F69F8763F /* Pods */ = {
			isa = PBXGroup;
			children = (
				EB58FF45247503342E8026A9 /* Pods-Flix.debug.xcconfig */,
				4503A38E65FAB8D14B2130A6 /* Pods-Flix.release.xcconfig */,
				E360538FDFC9D04C697282DE /* Pods-Flix-FlixUITests.debug.xcconfig */,
				01AEA191F3C8019F9D27DDAA /* Pods-Flix-FlixUITests.release.xcconfig */,
				5A1FF36B5B2DDF5C8FEB4B31 /* Pods-FlixTests.debug.xcconfig */,
				468F6261D74D516D0819FF6B /* Pods-FlixTests.release.xcconfig */,
			);
			name = Pods;
			path = Pods;
			sourceTree = "<group>";
		};
		DA28484F23D913D8005DB1F8 = {
			isa = PBXGroup;
			children = (
				DA28485A23D913D8005DB1F8 /* Flix */,
				DA28487123D913D9005DB1F8 /* FlixTests */,
				DA28487C23D913D9005DB1F8 /* FlixUITests */,
				DA28485923D913D8005DB1F8 /* Products */,
				B2DEBECE096FF10F69F8763F /* Pods */,
				EACEB0216E787B3A978624E7 /* Frameworks */,
			);
			sourceTree = "<group>";
		};
		DA28485923D913D8005DB1F8 /* Products */ = {
			isa = PBXGroup;
			children = (
				DA28485823D913D8005DB1F8 /* Flix.app */,
				DA28486E23D913D9005DB1F8 /* FlixTests.xctest */,
				DA28487923D913D9005DB1F8 /* FlixUITests.xctest */,
			);
			name = Products;
			sourceTree = "<group>";
		};
		DA28485A23D913D8005DB1F8 /* Flix */ = {
			isa = PBXGroup;
			children = (
				DA28485B23D913D8005DB1F8 /* AppDelegate.swift */,
				DA28485D23D913D8005DB1F8 /* SceneDelegate.swift */,
				DA28486123D913D8005DB1F8 /* Main.storyboard */,
				DA7EF38E23DD0FC000A58A1B /* MovieCell.swift */,
				DA28486423D913D9005DB1F8 /* Assets.xcassets */,
				DA28486623D913D9005DB1F8 /* LaunchScreen.storyboard */,
				DA28486923D913D9005DB1F8 /* Info.plist */,
				DA025A9123DCEAFD006C254A /* MoviesViewController.swift */,
			);
			path = Flix;
			sourceTree = "<group>";
		};
		DA28487123D913D9005DB1F8 /* FlixTests */ = {
			isa = PBXGroup;
			children = (
				DA28487223D913D9005DB1F8 /* FlixTests.swift */,
				DA28487423D913D9005DB1F8 /* Info.plist */,
			);
			path = FlixTests;
			sourceTree = "<group>";
		};
		DA28487C23D913D9005DB1F8 /* FlixUITests */ = {
			isa = PBXGroup;
			children = (
				DA28487D23D913D9005DB1F8 /* FlixUITests.swift */,
				DA28487F23D913D9005DB1F8 /* Info.plist */,
			);
			path = FlixUITests;
			sourceTree = "<group>";
		};
		EACEB0216E787B3A978624E7 /* Frameworks */ = {
			isa = PBXGroup;
			children = (
				A448C472A37DF0D592631A59 /* Pods_Flix.framework */,
				03697C528A6DD841AF780CB2 /* Pods_Flix_FlixUITests.framework */,
				3ED88533B3F74EB929B4E665 /* Pods_FlixTests.framework */,
			);
			name = Frameworks;
			sourceTree = "<group>";
		};
/* End PBXGroup section */

/* Begin PBXNativeTarget section */
		DA28485723D913D8005DB1F8 /* Flix */ = {
			isa = PBXNativeTarget;
			buildConfigurationList = DA28488223D913D9005DB1F8 /* Build configuration list for PBXNativeTarget "Flix" */;
			buildPhases = (
				3C5A12CE3327F46F855FAE0A /* [CP] Check Pods Manifest.lock */,
				DA28485423D913D8005DB1F8 /* Sources */,
				DA28485523D913D8005DB1F8 /* Frameworks */,
				DA28485623D913D8005DB1F8 /* Resources */,
				B4039733EDB75C083D20F805 /* [CP] Embed Pods Frameworks */,
			);
			buildRules = (
			);
			dependencies = (
			);
			name = Flix;
			productName = Flix;
			productReference = DA28485823D913D8005DB1F8 /* Flix.app */;
			productType = "com.apple.product-type.application";
		};
		DA28486D23D913D9005DB1F8 /* FlixTests */ = {
			isa = PBXNativeTarget;
			buildConfigurationList = DA28488523D913D9005DB1F8 /* Build configuration list for PBXNativeTarget "FlixTests" */;
			buildPhases = (
				5A4A44AF19AA9BDAD524EE8E /* [CP] Check Pods Manifest.lock */,
				DA28486A23D913D9005DB1F8 /* Sources */,
				DA28486B23D913D9005DB1F8 /* Frameworks */,
				DA28486C23D913D9005DB1F8 /* Resources */,
			);
			buildRules = (
			);
			dependencies = (
				DA28487023D913D9005DB1F8 /* PBXTargetDependency */,
			);
			name = FlixTests;
			productName = FlixTests;
			productReference = DA28486E23D913D9005DB1F8 /* FlixTests.xctest */;
			productType = "com.apple.product-type.bundle.unit-test";
		};
		DA28487823D913D9005DB1F8 /* FlixUITests */ = {
			isa = PBXNativeTarget;
			buildConfigurationList = DA28488823D913D9005DB1F8 /* Build configuration list for PBXNativeTarget "FlixUITests" */;
			buildPhases = (
				8F8A3402DED154BA268F094C /* [CP] Check Pods Manifest.lock */,
				DA28487523D913D9005DB1F8 /* Sources */,
				DA28487623D913D9005DB1F8 /* Frameworks */,
				DA28487723D913D9005DB1F8 /* Resources */,
				7AA145F92534D2BA0BEC0D22 /* [CP] Embed Pods Frameworks */,
			);
			buildRules = (
			);
			dependencies = (
				DA28487B23D913D9005DB1F8 /* PBXTargetDependency */,
			);
			name = FlixUITests;
			productName = FlixUITests;
			productReference = DA28487923D913D9005DB1F8 /* FlixUITests.xctest */;
			productType = "com.apple.product-type.bundle.ui-testing";
		};
/* End PBXNativeTarget section */

/* Begin PBXProject section */
		DA28485023D913D8005DB1F8 /* Project object */ = {
			isa = PBXProject;
			attributes = {
				LastSwiftUpdateCheck = 1130;
				LastUpgradeCheck = 1130;
				ORGANIZATIONNAME = "Prahlad Anand";
				TargetAttributes = {
					DA28485723D913D8005DB1F8 = {
						CreatedOnToolsVersion = 11.3;
					};
					DA28486D23D913D9005DB1F8 = {
						CreatedOnToolsVersion = 11.3;
						TestTargetID = DA28485723D913D8005DB1F8;
					};
					DA28487823D913D9005DB1F8 = {
						CreatedOnToolsVersion = 11.3;
						TestTargetID = DA28485723D913D8005DB1F8;
					};
				};
			};
			buildConfigurationList = DA28485323D913D8005DB1F8 /* Build configuration list for PBXProject "Flix" */;
			compatibilityVersion = "Xcode 9.3";
			developmentRegion = en;
			hasScannedForEncodings = 0;
			knownRegions = (
				en,
				Base,
			);
			mainGroup = DA28484F23D913D8005DB1F8;
			productRefGroup = DA28485923D913D8005DB1F8 /* Products */;
			projectDirPath = "";
			projectRoot = "";
			targets = (
				DA28485723D913D8005DB1F8 /* Flix */,
				DA28486D23D913D9005DB1F8 /* FlixTests */,
				DA28487823D913D9005DB1F8 /* FlixUITests */,
			);
		};
/* End PBXProject section */

/* Begin PBXResourcesBuildPhase section */
		DA28485623D913D8005DB1F8 /* Resources */ = {
			isa = PBXResourcesBuildPhase;
			buildActionMask = 2147483647;
			files = (
				DA28486823D913D9005DB1F8 /* LaunchScreen.storyboard in Resources */,
				DA28486523D913D9005DB1F8 /* Assets.xcassets in Resources */,
				DA28486323D913D8005DB1F8 /* Main.storyboard in Resources */,
			);
			runOnlyForDeploymentPostprocessing = 0;
		};
		DA28486C23D913D9005DB1F8 /* Resources */ = {
			isa = PBXResourcesBuildPhase;
			buildActionMask = 2147483647;
			files = (
			);
			runOnlyForDeploymentPostprocessing = 0;
		};
		DA28487723D913D9005DB1F8 /* Resources */ = {
			isa = PBXResourcesBuildPhase;
			buildActionMask = 2147483647;
			files = (
			);
			runOnlyForDeploymentPostprocessing = 0;
		};
/* End PBXResourcesBuildPhase section */

/* Begin PBXShellScriptBuildPhase section */
		3C5A12CE3327F46F855FAE0A /* [CP] Check Pods Manifest.lock */ = {
			isa = PBXShellScriptBuildPhase;
			buildActionMask = 2147483647;
			files = (
			);
			inputFileListPaths = (
			);
			inputPaths = (
				"${PODS_PODFILE_DIR_PATH}/Podfile.lock",
				"${PODS_ROOT}/Manifest.lock",
			);
			name = "[CP] Check Pods Manifest.lock";
			outputFileListPaths = (
			);
			outputPaths = (
				"$(DERIVED_FILE_DIR)/Pods-Flix-checkManifestLockResult.txt",
			);
			runOnlyForDeploymentPostprocessing = 0;
			shellPath = /bin/sh;
			shellScript = "diff \"${PODS_PODFILE_DIR_PATH}/Podfile.lock\" \"${PODS_ROOT}/Manifest.lock\" > /dev/null\nif [ $? != 0 ] ; then\n    # print error to STDERR\n    echo \"error: The sandbox is not in sync with the Podfile.lock. Run 'pod install' or update your CocoaPods installation.\" >&2\n    exit 1\nfi\n# This output is used by Xcode 'outputs' to avoid re-running this script phase.\necho \"SUCCESS\" > \"${SCRIPT_OUTPUT_FILE_0}\"\n";
			showEnvVarsInLog = 0;
		};
		5A4A44AF19AA9BDAD524EE8E /* [CP] Check Pods Manifest.lock */ = {
			isa = PBXShellScriptBuildPhase;
			buildActionMask = 2147483647;
			files = (
			);
			inputFileListPaths = (
			);
			inputPaths = (
				"${PODS_PODFILE_DIR_PATH}/Podfile.lock",
				"${PODS_ROOT}/Manifest.lock",
			);
			name = "[CP] Check Pods Manifest.lock";
			outputFileListPaths = (
			);
			outputPaths = (
				"$(DERIVED_FILE_DIR)/Pods-FlixTests-checkManifestLockResult.txt",
			);
			runOnlyForDeploymentPostprocessing = 0;
			shellPath = /bin/sh;
			shellScript = "diff \"${PODS_PODFILE_DIR_PATH}/Podfile.lock\" \"${PODS_ROOT}/Manifest.lock\" > /dev/null\nif [ $? != 0 ] ; then\n    # print error to STDERR\n    echo \"error: The sandbox is not in sync with the Podfile.lock. Run 'pod install' or update your CocoaPods installation.\" >&2\n    exit 1\nfi\n# This output is used by Xcode 'outputs' to avoid re-running this script phase.\necho \"SUCCESS\" > \"${SCRIPT_OUTPUT_FILE_0}\"\n";
			showEnvVarsInLog = 0;
		};
		7AA145F92534D2BA0BEC0D22 /* [CP] Embed Pods Frameworks */ = {
			isa = PBXShellScriptBuildPhase;
			buildActionMask = 2147483647;
			files = (
			);
			inputFileListPaths = (
				"${PODS_ROOT}/Target Support Files/Pods-Flix-FlixUITests/Pods-Flix-FlixUITests-frameworks-${CONFIGURATION}-input-files.xcfilelist",
			);
			name = "[CP] Embed Pods Frameworks";
			outputFileListPaths = (
				"${PODS_ROOT}/Target Support Files/Pods-Flix-FlixUITests/Pods-Flix-FlixUITests-frameworks-${CONFIGURATION}-output-files.xcfilelist",
			);
			runOnlyForDeploymentPostprocessing = 0;
			shellPath = /bin/sh;
			shellScript = "\"${PODS_ROOT}/Target Support Files/Pods-Flix-FlixUITests/Pods-Flix-FlixUITests-frameworks.sh\"\n";
			showEnvVarsInLog = 0;
		};
		8F8A3402DED154BA268F094C /* [CP] Check Pods Manifest.lock */ = {
			isa = PBXShellScriptBuildPhase;
			buildActionMask = 2147483647;
			files = (
			);
			inputFileListPaths = (
			);
			inputPaths = (
				"${PODS_PODFILE_DIR_PATH}/Podfile.lock",
				"${PODS_ROOT}/Manifest.lock",
			);
			name = "[CP] Check Pods Manifest.lock";
			outputFileListPaths = (
			);
			outputPaths = (
				"$(DERIVED_FILE_DIR)/Pods-Flix-FlixUITests-checkManifestLockResult.txt",
			);
			runOnlyForDeploymentPostprocessing = 0;
			shellPath = /bin/sh;
			shellScript = "diff \"${PODS_PODFILE_DIR_PATH}/Podfile.lock\" \"${PODS_ROOT}/Manifest.lock\" > /dev/null\nif [ $? != 0 ] ; then\n    # print error to STDERR\n    echo \"error: The sandbox is not in sync with the Podfile.lock. Run 'pod install' or update your CocoaPods installation.\" >&2\n    exit 1\nfi\n# This output is used by Xcode 'outputs' to avoid re-running this script phase.\necho \"SUCCESS\" > \"${SCRIPT_OUTPUT_FILE_0}\"\n";
			showEnvVarsInLog = 0;
		};
		B4039733EDB75C083D20F805 /* [CP] Embed Pods Frameworks */ = {
			isa = PBXShellScriptBuildPhase;
			buildActionMask = 2147483647;
			files = (
			);
			inputFileListPaths = (
				"${PODS_ROOT}/Target Support Files/Pods-Flix/Pods-Flix-frameworks-${CONFIGURATION}-input-files.xcfilelist",
			);
			name = "[CP] Embed Pods Frameworks";
			outputFileListPaths = (
				"${PODS_ROOT}/Target Support Files/Pods-Flix/Pods-Flix-frameworks-${CONFIGURATION}-output-files.xcfilelist",
			);
			runOnlyForDeploymentPostprocessing = 0;
			shellPath = /bin/sh;
			shellScript = "\"${PODS_ROOT}/Target Support Files/Pods-Flix/Pods-Flix-frameworks.sh\"\n";
			showEnvVarsInLog = 0;
		};
/* End PBXShellScriptBuildPhase section */

/* Begin PBXSourcesBuildPhase section */
		DA28485423D913D8005DB1F8 /* Sources */ = {
			isa = PBXSourcesBuildPhase;
			buildActionMask = 2147483647;
			files = (
				DA28485C23D913D8005DB1F8 /* AppDelegate.swift in Sources */,
				DA28485E23D913D8005DB1F8 /* SceneDelegate.swift in Sources */,
				DA7EF38F23DD0FC000A58A1B /* MovieCell.swift in Sources */,
				DA025A9223DCEAFD006C254A /* MoviesViewController.swift in Sources */,
			);
			runOnlyForDeploymentPostprocessing = 0;
		};
		DA28486A23D913D9005DB1F8 /* Sources */ = {
			isa = PBXSourcesBuildPhase;
			buildActionMask = 2147483647;
			files = (
				DA28487323D913D9005DB1F8 /* FlixTests.swift in Sources */,
			);
			runOnlyForDeploymentPostprocessing = 0;
		};
		DA28487523D913D9005DB1F8 /* Sources */ = {
			isa = PBXSourcesBuildPhase;
			buildActionMask = 2147483647;
			files = (
				DA28487E23D913D9005DB1F8 /* FlixUITests.swift in Sources */,
			);
			runOnlyForDeploymentPostprocessing = 0;
		};
/* End PBXSourcesBuildPhase section */

/* Begin PBXTargetDependency section */
		DA28487023D913D9005DB1F8 /* PBXTargetDependency */ = {
			isa = PBXTargetDependency;
			target = DA28485723D913D8005DB1F8 /* Flix */;
			targetProxy = DA28486F23D913D9005DB1F8 /* PBXContainerItemProxy */;
		};
		DA28487B23D913D9005DB1F8 /* PBXTargetDependency */ = {
			isa = PBXTargetDependency;
			target = DA28485723D913D8005DB1F8 /* Flix */;
			targetProxy = DA28487A23D913D9005DB1F8 /* PBXContainerItemProxy */;
		};
/* End PBXTargetDependency section */

/* Begin PBXVariantGroup section */
		DA28486123D913D8005DB1F8 /* Main.storyboard */ = {
			isa = PBXVariantGroup;
			children = (
				DA28486223D913D8005DB1F8 /* Base */,
			);
			name = Main.storyboard;
			sourceTree = "<group>";
		};
		DA28486623D913D9005DB1F8 /* LaunchScreen.storyboard */ = {
			isa = PBXVariantGroup;
			children = (
				DA28486723D913D9005DB1F8 /* Base */,
			);
			name = LaunchScreen.storyboard;
			sourceTree = "<group>";
		};
/* End PBXVariantGroup section */

/* Begin XCBuildConfiguration section */
		DA28488023D913D9005DB1F8 /* Debug */ = {
			isa = XCBuildConfiguration;
			buildSettings = {
				ALWAYS_SEARCH_USER_PATHS = NO;
				CLANG_ANALYZER_NONNULL = YES;
				CLANG_ANALYZER_NUMBER_OBJECT_CONVERSION = YES_AGGRESSIVE;
				CLANG_CXX_LANGUAGE_STANDARD = "gnu++14";
				CLANG_CXX_LIBRARY = "libc++";
				CLANG_ENABLE_MODULES = YES;
				CLANG_ENABLE_OBJC_ARC = YES;
				CLANG_ENABLE_OBJC_WEAK = YES;
				CLANG_WARN_BLOCK_CAPTURE_AUTORELEASING = YES;
				CLANG_WARN_BOOL_CONVERSION = YES;
				CLANG_WARN_COMMA = YES;
				CLANG_WARN_CONSTANT_CONVERSION = YES;
				CLANG_WARN_DEPRECATED_OBJC_IMPLEMENTATIONS = YES;
				CLANG_WARN_DIRECT_OBJC_ISA_USAGE = YES_ERROR;
				CLANG_WARN_DOCUMENTATION_COMMENTS = YES;
				CLANG_WARN_EMPTY_BODY = YES;
				CLANG_WARN_ENUM_CONVERSION = YES;
				CLANG_WARN_INFINITE_RECURSION = YES;
				CLANG_WARN_INT_CONVERSION = YES;
				CLANG_WARN_NON_LITERAL_NULL_CONVERSION = YES;
				CLANG_WARN_OBJC_IMPLICIT_RETAIN_SELF = YES;
				CLANG_WARN_OBJC_LITERAL_CONVERSION = YES;
				CLANG_WARN_OBJC_ROOT_CLASS = YES_ERROR;
				CLANG_WARN_RANGE_LOOP_ANALYSIS = YES;
				CLANG_WARN_STRICT_PROTOTYPES = YES;
				CLANG_WARN_SUSPICIOUS_MOVE = YES;
				CLANG_WARN_UNGUARDED_AVAILABILITY = YES_AGGRESSIVE;
				CLANG_WARN_UNREACHABLE_CODE = YES;
				CLANG_WARN__DUPLICATE_METHOD_MATCH = YES;
				COPY_PHASE_STRIP = NO;
				DEBUG_INFORMATION_FORMAT = dwarf;
				ENABLE_STRICT_OBJC_MSGSEND = YES;
				ENABLE_TESTABILITY = YES;
				GCC_C_LANGUAGE_STANDARD = gnu11;
				GCC_DYNAMIC_NO_PIC = NO;
				GCC_NO_COMMON_BLOCKS = YES;
				GCC_OPTIMIZATION_LEVEL = 0;
				GCC_PREPROCESSOR_DEFINITIONS = (
					"DEBUG=1",
					"$(inherited)",
				);
				GCC_WARN_64_TO_32_BIT_CONVERSION = YES;
				GCC_WARN_ABOUT_RETURN_TYPE = YES_ERROR;
				GCC_WARN_UNDECLARED_SELECTOR = YES;
				GCC_WARN_UNINITIALIZED_AUTOS = YES_AGGRESSIVE;
				GCC_WARN_UNUSED_FUNCTION = YES;
				GCC_WARN_UNUSED_VARIABLE = YES;
				IPHONEOS_DEPLOYMENT_TARGET = 13.2;
				MTL_ENABLE_DEBUG_INFO = INCLUDE_SOURCE;
				MTL_FAST_MATH = YES;
				ONLY_ACTIVE_ARCH = YES;
				SDKROOT = iphoneos;
				SWIFT_ACTIVE_COMPILATION_CONDITIONS = DEBUG;
				SWIFT_OPTIMIZATION_LEVEL = "-Onone";
			};
			name = Debug;
		};
		DA28488123D913D9005DB1F8 /* Release */ = {
			isa = XCBuildConfiguration;
			buildSettings = {
				ALWAYS_SEARCH_USER_PATHS = NO;
				CLANG_ANALYZER_NONNULL = YES;
				CLANG_ANALYZER_NUMBER_OBJECT_CONVERSION = YES_AGGRESSIVE;
				CLANG_CXX_LANGUAGE_STANDARD = "gnu++14";
				CLANG_CXX_LIBRARY = "libc++";
				CLANG_ENABLE_MODULES = YES;
				CLANG_ENABLE_OBJC_ARC = YES;
				CLANG_ENABLE_OBJC_WEAK = YES;
				CLANG_WARN_BLOCK_CAPTURE_AUTORELEASING = YES;
				CLANG_WARN_BOOL_CONVERSION = YES;
				CLANG_WARN_COMMA = YES;
				CLANG_WARN_CONSTANT_CONVERSION = YES;
				CLANG_WARN_DEPRECATED_OBJC_IMPLEMENTATIONS = YES;
				CLANG_WARN_DIRECT_OBJC_ISA_USAGE = YES_ERROR;
				CLANG_WARN_DOCUMENTATION_COMMENTS = YES;
				CLANG_WARN_EMPTY_BODY = YES;
				CLANG_WARN_ENUM_CONVERSION = YES;
				CLANG_WARN_INFINITE_RECURSION = YES;
				CLANG_WARN_INT_CONVERSION = YES;
				CLANG_WARN_NON_LITERAL_NULL_CONVERSION = YES;
				CLANG_WARN_OBJC_IMPLICIT_RETAIN_SELF = YES;
				CLANG_WARN_OBJC_LITERAL_CONVERSION = YES;
				CLANG_WARN_OBJC_ROOT_CLASS = YES_ERROR;
				CLANG_WARN_RANGE_LOOP_ANALYSIS = YES;
				CLANG_WARN_STRICT_PROTOTYPES = YES;
				CLANG_WARN_SUSPICIOUS_MOVE = YES;
				CLANG_WARN_UNGUARDED_AVAILABILITY = YES_AGGRESSIVE;
				CLANG_WARN_UNREACHABLE_CODE = YES;
				CLANG_WARN__DUPLICATE_METHOD_MATCH = YES;
				COPY_PHASE_STRIP = NO;
				DEBUG_INFORMATION_FORMAT = "dwarf-with-dsym";
				ENABLE_NS_ASSERTIONS = NO;
				ENABLE_STRICT_OBJC_MSGSEND = YES;
				GCC_C_LANGUAGE_STANDARD = gnu11;
				GCC_NO_COMMON_BLOCKS = YES;
				GCC_WARN_64_TO_32_BIT_CONVERSION = YES;
				GCC_WARN_ABOUT_RETURN_TYPE = YES_ERROR;
				GCC_WARN_UNDECLARED_SELECTOR = YES;
				GCC_WARN_UNINITIALIZED_AUTOS = YES_AGGRESSIVE;
				GCC_WARN_UNUSED_FUNCTION = YES;
				GCC_WARN_UNUSED_VARIABLE = YES;
				IPHONEOS_DEPLOYMENT_TARGET = 13.2;
				MTL_ENABLE_DEBUG_INFO = NO;
				MTL_FAST_MATH = YES;
				SDKROOT = iphoneos;
				SWIFT_COMPILATION_MODE = wholemodule;
				SWIFT_OPTIMIZATION_LEVEL = "-O";
				VALIDATE_PRODUCT = YES;
			};
			name = Release;
		};
		DA28488323D913D9005DB1F8 /* Debug */ = {
			isa = XCBuildConfiguration;
			baseConfigurationReference = EB58FF45247503342E8026A9 /* Pods-Flix.debug.xcconfig */;
			buildSettings = {
				ASSETCATALOG_COMPILER_APPICON_NAME = AppIcon;
				CODE_SIGN_STYLE = Automatic;
				INFOPLIST_FILE = Flix/Info.plist;
				LD_RUNPATH_SEARCH_PATHS = (
					"$(inherited)",
					"@executable_path/Frameworks",
				);
				PRODUCT_BUNDLE_IDENTIFIER = CS490.Flix;
				PRODUCT_NAME = "$(TARGET_NAME)";
				SWIFT_VERSION = 5.0;
				TARGETED_DEVICE_FAMILY = "1,2";
			};
			name = Debug;
		};
		DA28488423D913D9005DB1F8 /* Release */ = {
			isa = XCBuildConfiguration;
			baseConfigurationReference = 4503A38E65FAB8D14B2130A6 /* Pods-Flix.release.xcconfig */;
			buildSettings = {
				ASSETCATALOG_COMPILER_APPICON_NAME = AppIcon;
				CODE_SIGN_STYLE = Automatic;
				INFOPLIST_FILE = Flix/Info.plist;
				LD_RUNPATH_SEARCH_PATHS = (
					"$(inherited)",
					"@executable_path/Frameworks",
				);
				PRODUCT_BUNDLE_IDENTIFIER = CS490.Flix;
				PRODUCT_NAME = "$(TARGET_NAME)";
				SWIFT_VERSION = 5.0;
				TARGETED_DEVICE_FAMILY = "1,2";
			};
			name = Release;
		};
		DA28488623D913D9005DB1F8 /* Debug */ = {
			isa = XCBuildConfiguration;
			baseConfigurationReference = 5A1FF36B5B2DDF5C8FEB4B31 /* Pods-FlixTests.debug.xcconfig */;
			buildSettings = {
				ALWAYS_EMBED_SWIFT_STANDARD_LIBRARIES = YES;
				BUNDLE_LOADER = "$(TEST_HOST)";
				CODE_SIGN_STYLE = Automatic;
				INFOPLIST_FILE = FlixTests/Info.plist;
				IPHONEOS_DEPLOYMENT_TARGET = 13.2;
				LD_RUNPATH_SEARCH_PATHS = (
					"$(inherited)",
					"@executable_path/Frameworks",
					"@loader_path/Frameworks",
				);
				PRODUCT_BUNDLE_IDENTIFIER = CS490.FlixTests;
				PRODUCT_NAME = "$(TARGET_NAME)";
				SWIFT_VERSION = 5.0;
				TARGETED_DEVICE_FAMILY = "1,2";
				TEST_HOST = "$(BUILT_PRODUCTS_DIR)/Flix.app/Flix";
			};
			name = Debug;
		};
		DA28488723D913D9005DB1F8 /* Release */ = {
			isa = XCBuildConfiguration;
			baseConfigurationReference = 468F6261D74D516D0819FF6B /* Pods-FlixTests.release.xcconfig */;
			buildSettings = {
				ALWAYS_EMBED_SWIFT_STANDARD_LIBRARIES = YES;
				BUNDLE_LOADER = "$(TEST_HOST)";
				CODE_SIGN_STYLE = Automatic;
				INFOPLIST_FILE = FlixTests/Info.plist;
				IPHONEOS_DEPLOYMENT_TARGET = 13.2;
				LD_RUNPATH_SEARCH_PATHS = (
					"$(inherited)",
					"@executable_path/Frameworks",
					"@loader_path/Frameworks",
				);
				PRODUCT_BUNDLE_IDENTIFIER = CS490.FlixTests;
				PRODUCT_NAME = "$(TARGET_NAME)";
				SWIFT_VERSION = 5.0;
				TARGETED_DEVICE_FAMILY = "1,2";
				TEST_HOST = "$(BUILT_PRODUCTS_DIR)/Flix.app/Flix";
			};
			name = Release;
		};
		DA28488923D913D9005DB1F8 /* Debug */ = {
			isa = XCBuildConfiguration;
			baseConfigurationReference = E360538FDFC9D04C697282DE /* Pods-Flix-FlixUITests.debug.xcconfig */;
			buildSettings = {
				ALWAYS_EMBED_SWIFT_STANDARD_LIBRARIES = YES;
				CODE_SIGN_STYLE = Automatic;
				INFOPLIST_FILE = FlixUITests/Info.plist;
				LD_RUNPATH_SEARCH_PATHS = (
					"$(inherited)",
					"@executable_path/Frameworks",
					"@loader_path/Frameworks",
				);
				PRODUCT_BUNDLE_IDENTIFIER = CS490.FlixUITests;
				PRODUCT_NAME = "$(TARGET_NAME)";
				SWIFT_VERSION = 5.0;
				TARGETED_DEVICE_FAMILY = "1,2";
				TEST_TARGET_NAME = Flix;
			};
			name = Debug;
		};
		DA28488A23D913D9005DB1F8 /* Release */ = {
			isa = XCBuildConfiguration;
			baseConfigurationReference = 01AEA191F3C8019F9D27DDAA /* Pods-Flix-FlixUITests.release.xcconfig */;
			buildSettings = {
				ALWAYS_EMBED_SWIFT_STANDARD_LIBRARIES = YES;
				CODE_SIGN_STYLE = Automatic;
				INFOPLIST_FILE = FlixUITests/Info.plist;
				LD_RUNPATH_SEARCH_PATHS = (
					"$(inherited)",
					"@executable_path/Frameworks",
					"@loader_path/Frameworks",
				);
				PRODUCT_BUNDLE_IDENTIFIER = CS490.FlixUITests;
				PRODUCT_NAME = "$(TARGET_NAME)";
				SWIFT_VERSION = 5.0;
				TARGETED_DEVICE_FAMILY = "1,2";
				TEST_TARGET_NAME = Flix;
			};
			name = Release;
		};
/* End XCBuildConfiguration section */

/* Begin XCConfigurationList section */
		DA28485323D913D8005DB1F8 /* Build configuration list for PBXProject "Flix" */ = {
			isa = XCConfigurationList;
			buildConfigurations = (
				DA28488023D913D9005DB1F8 /* Debug */,
				DA28488123D913D9005DB1F8 /* Release */,
			);
			defaultConfigurationIsVisible = 0;
			defaultConfigurationName = Release;
		};
		DA28488223D913D9005DB1F8 /* Build configuration list for PBXNativeTarget "Flix" */ = {
			isa = XCConfigurationList;
			buildConfigurations = (
				DA28488323D913D9005DB1F8 /* Debug */,
				DA28488423D913D9005DB1F8 /* Release */,
			);
			defaultConfigurationIsVisible = 0;
			defaultConfigurationName = Release;
		};
		DA28488523D913D9005DB1F8 /* Build configuration list for PBXNativeTarget "FlixTests" */ = {
			isa = XCConfigurationList;
			buildConfigurations = (
				DA28488623D913D9005DB1F8 /* Debug */,
				DA28488723D913D9005DB1F8 /* Release */,
			);
			defaultConfigurationIsVisible = 0;
			defaultConfigurationName = Release;
		};
		DA28488823D913D9005DB1F8 /* Build configuration list for PBXNativeTarget "FlixUITests" */ = {
			isa = XCConfigurationList;
			buildConfigurations = (
				DA28488923D913D9005DB1F8 /* Debug */,
				DA28488A23D913D9005DB1F8 /* Release */,
			);
			defaultConfigurationIsVisible = 0;
			defaultConfigurationName = Release;
		};
/* End XCConfigurationList section */
	};
	rootObject = DA28485023D913D8005DB1F8 /* Project object */;
}
